
Microsoft Visual Studio Solution File, Format Version 10.00
# Visual Studio 2008
Project("{8BC9CEB8-8B4A-11D0-8D11-00A0C91BC942}") = "SaveGrayDemo", "SaveGrayDemo\SaveGrayDemo.vcproj", "{42ACBB9A-53F7-4C6B-A662-853500DBDF4D}"
EndProject
Global
	GlobalSection(SolutionConfigurationPlatforms) = preSolution
		Debug|Win32 = Debug|Win32
		Release|Win32 = Release|Win32
	EndGlobalSection
	GlobalSection(ProjectConfigurationPlatforms) = postSolution
		{42ACBB9A-53F7-4C6B-A662-853500DBDF4D}.Debug|Win32.ActiveCfg = Debug|Win32
		{42ACBB9A-53F7-4C6B-A662-853500DBDF4D}.Debug|Win32.Build.0 = Debug|Win32
		{42ACBB9A-53F7-4C6B-A662-853500DBDF4D}.Release|Win32.ActiveCfg = Release|Win32
		{42ACBB9A-53F7-4C6B-A662-853500DBDF4D}.Release|Win32.Build.0 = Release|Win32
	EndGlobalSection
	GlobalSection(SolutionProperties) = preSolution
		HideSolutionNode = FALSE
	EndGlobalSection
EndGlobal
