
Microsoft Visual Studio Solution File, Format Version 10.00
# Visual Studio 2008
Project("{8BC9CEB8-8B4A-11D0-8D11-00A0C91BC942}") = "ComboExDemo", "ComboExDemo\ComboExDemo.vcproj", "{529C4D7E-9888-4C06-9A8E-2B816717703D}"
EndProject
Global
	GlobalSection(SolutionConfigurationPlatforms) = preSolution
		Debug|Win32 = Debug|Win32
		Release|Win32 = Release|Win32
	EndGlobalSection
	GlobalSection(ProjectConfigurationPlatforms) = postSolution
		{529C4D7E-9888-4C06-9A8E-2B816717703D}.Debug|Win32.ActiveCfg = Debug|Win32
		{529C4D7E-9888-4C06-9A8E-2B816717703D}.Debug|Win32.Build.0 = Debug|Win32
		{529C4D7E-9888-4C06-9A8E-2B816717703D}.Release|Win32.ActiveCfg = Release|Win32
		{529C4D7E-9888-4C06-9A8E-2B816717703D}.Release|Win32.Build.0 = Release|Win32
	EndGlobalSection
	GlobalSection(SolutionProperties) = preSolution
		HideSolutionNode = FALSE
	EndGlobalSection
EndGlobal
