
Microsoft Visual Studio Solution File, Format Version 10.00
# Visual Studio 2008
Project("{8BC9CEB8-8B4A-11D0-8D11-00A0C91BC942}") = "Office2003Style", "Office2003Style\Office2003Style.vcproj", "{CDFB0AE5-2D96-492D-BDD0-FD209EF1B422}"
EndProject
Global
	GlobalSection(SolutionConfigurationPlatforms) = preSolution
		Debug|Win32 = Debug|Win32
		Release|Win32 = Release|Win32
	EndGlobalSection
	GlobalSection(ProjectConfigurationPlatforms) = postSolution
		{CDFB0AE5-2D96-492D-BDD0-FD209EF1B422}.Debug|Win32.ActiveCfg = Debug|Win32
		{CDFB0AE5-2D96-492D-BDD0-FD209EF1B422}.Debug|Win32.Build.0 = Debug|Win32
		{CDFB0AE5-2D96-492D-BDD0-FD209EF1B422}.Release|Win32.ActiveCfg = Release|Win32
		{CDFB0AE5-2D96-492D-BDD0-FD209EF1B422}.Release|Win32.Build.0 = Release|Win32
	EndGlobalSection
	GlobalSection(SolutionProperties) = preSolution
		HideSolutionNode = FALSE
	EndGlobalSection
EndGlobal
