
Microsoft Visual Studio Solution File, Format Version 10.00
# Visual Studio 2008
Project("{8BC9CEB8-8B4A-11D0-8D11-00A0C91BC942}") = "PropGridDemo", "PropGridDemo\PropGridDemo.vcproj", "{3A34DD7E-220F-4338-93CE-E8CF3F7DDCFB}"
EndProject
Global
	GlobalSection(SolutionConfigurationPlatforms) = preSolution
		Debug|Win32 = Debug|Win32
		Release|Win32 = Release|Win32
	EndGlobalSection
	GlobalSection(ProjectConfigurationPlatforms) = postSolution
		{3A34DD7E-220F-4338-93CE-E8CF3F7DDCFB}.Debug|Win32.ActiveCfg = Debug|Win32
		{3A34DD7E-220F-4338-93CE-E8CF3F7DDCFB}.Debug|Win32.Build.0 = Debug|Win32
		{3A34DD7E-220F-4338-93CE-E8CF3F7DDCFB}.Release|Win32.ActiveCfg = Release|Win32
		{3A34DD7E-220F-4338-93CE-E8CF3F7DDCFB}.Release|Win32.Build.0 = Release|Win32
	EndGlobalSection
	GlobalSection(SolutionProperties) = preSolution
		HideSolutionNode = FALSE
	EndGlobalSection
EndGlobal
