
Microsoft Visual Studio Solution File, Format Version 10.00
# Visual Studio 2008
Project("{8BC9CEB8-8B4A-11D0-8D11-00A0C91BC942}") = "StaticSplitDemo", "StaticSplitDemo\StaticSplitDemo.vcproj", "{41CE8CC1-2AB3-430D-8E8F-783CCE49C445}"
EndProject
Global
	GlobalSection(SolutionConfigurationPlatforms) = preSolution
		Debug|Win32 = Debug|Win32
		Release|Win32 = Release|Win32
	EndGlobalSection
	GlobalSection(ProjectConfigurationPlatforms) = postSolution
		{41CE8CC1-2AB3-430D-8E8F-783CCE49C445}.Debug|Win32.ActiveCfg = Debug|Win32
		{41CE8CC1-2AB3-430D-8E8F-783CCE49C445}.Debug|Win32.Build.0 = Debug|Win32
		{41CE8CC1-2AB3-430D-8E8F-783CCE49C445}.Release|Win32.ActiveCfg = Release|Win32
		{41CE8CC1-2AB3-430D-8E8F-783CCE49C445}.Release|Win32.Build.0 = Release|Win32
	EndGlobalSection
	GlobalSection(SolutionProperties) = preSolution
		HideSolutionNode = FALSE
	EndGlobalSection
EndGlobal
