
Microsoft Visual Studio Solution File, Format Version 10.00
# Visual Studio 2008
Project("{8BC9CEB8-8B4A-11D0-8D11-00A0C91BC942}") = "WorkerThreadDemo", "WorkerThreadDemo\WorkerThreadDemo.vcproj", "{236A38F5-A2EE-462E-9BA9-BF06971075BB}"
EndProject
Global
	GlobalSection(SolutionConfigurationPlatforms) = preSolution
		Debug|Win32 = Debug|Win32
		Release|Win32 = Release|Win32
	EndGlobalSection
	GlobalSection(ProjectConfigurationPlatforms) = postSolution
		{236A38F5-A2EE-462E-9BA9-BF06971075BB}.Debug|Win32.ActiveCfg = Debug|Win32
		{236A38F5-A2EE-462E-9BA9-BF06971075BB}.Debug|Win32.Build.0 = Debug|Win32
		{236A38F5-A2EE-462E-9BA9-BF06971075BB}.Release|Win32.ActiveCfg = Release|Win32
		{236A38F5-A2EE-462E-9BA9-BF06971075BB}.Release|Win32.Build.0 = Release|Win32
	EndGlobalSection
	GlobalSection(SolutionProperties) = preSolution
		HideSolutionNode = FALSE
	EndGlobalSection
EndGlobal
