
Microsoft Visual Studio Solution File, Format Version 10.00
# Visual Studio 2008
Project("{8BC9CEB8-8B4A-11D0-8D11-00A0C91BC942}") = "ShellTreeListDemo", "ShellTreeListDemo\ShellTreeListDemo.vcproj", "{0CF7701E-14CD-4AA4-897C-823E50BCE68C}"
EndProject
Global
	GlobalSection(SolutionConfigurationPlatforms) = preSolution
		Debug|Win32 = Debug|Win32
		Release|Win32 = Release|Win32
	EndGlobalSection
	GlobalSection(ProjectConfigurationPlatforms) = postSolution
		{0CF7701E-14CD-4AA4-897C-823E50BCE68C}.Debug|Win32.ActiveCfg = Debug|Win32
		{0CF7701E-14CD-4AA4-897C-823E50BCE68C}.Debug|Win32.Build.0 = Debug|Win32
		{0CF7701E-14CD-4AA4-897C-823E50BCE68C}.Release|Win32.ActiveCfg = Release|Win32
		{0CF7701E-14CD-4AA4-897C-823E50BCE68C}.Release|Win32.Build.0 = Release|Win32
	EndGlobalSection
	GlobalSection(SolutionProperties) = preSolution
		HideSolutionNode = FALSE
	EndGlobalSection
EndGlobal
