
Microsoft Visual Studio Solution File, Format Version 10.00
# Visual Studio 2008
Project("{8BC9CEB8-8B4A-11D0-8D11-00A0C91BC942}") = "ModalDemo", "ModalDemo\ModalDemo.vcproj", "{336DE756-30A0-4223-B3E2-3A4DABCB3A7F}"
EndProject
Global
	GlobalSection(SolutionConfigurationPlatforms) = preSolution
		Debug|Win32 = Debug|Win32
		Release|Win32 = Release|Win32
	EndGlobalSection
	GlobalSection(ProjectConfigurationPlatforms) = postSolution
		{336DE756-30A0-4223-B3E2-3A4DABCB3A7F}.Debug|Win32.ActiveCfg = Debug|Win32
		{336DE756-30A0-4223-B3E2-3A4DABCB3A7F}.Debug|Win32.Build.0 = Debug|Win32
		{336DE756-30A0-4223-B3E2-3A4DABCB3A7F}.Release|Win32.ActiveCfg = Release|Win32
		{336DE756-30A0-4223-B3E2-3A4DABCB3A7F}.Release|Win32.Build.0 = Release|Win32
	EndGlobalSection
	GlobalSection(SolutionProperties) = preSolution
		HideSolutionNode = FALSE
	EndGlobalSection
EndGlobal
