
Microsoft Visual Studio Solution File, Format Version 10.00
# Visual Studio 2008
Project("{8BC9CEB8-8B4A-11D0-8D11-00A0C91BC942}") = "ThreadCrashDemo", "ThreadCrashDemo\ThreadCrashDemo.vcproj", "{C754D975-6E98-42E9-B2B1-D56B6C2F8FCA}"
EndProject
Global
	GlobalSection(SolutionConfigurationPlatforms) = preSolution
		Debug|Win32 = Debug|Win32
		Release|Win32 = Release|Win32
	EndGlobalSection
	GlobalSection(ProjectConfigurationPlatforms) = postSolution
		{C754D975-6E98-42E9-B2B1-D56B6C2F8FCA}.Debug|Win32.ActiveCfg = Debug|Win32
		{C754D975-6E98-42E9-B2B1-D56B6C2F8FCA}.Debug|Win32.Build.0 = Debug|Win32
		{C754D975-6E98-42E9-B2B1-D56B6C2F8FCA}.Release|Win32.ActiveCfg = Release|Win32
		{C754D975-6E98-42E9-B2B1-D56B6C2F8FCA}.Release|Win32.Build.0 = Release|Win32
	EndGlobalSection
	GlobalSection(SolutionProperties) = preSolution
		HideSolutionNode = FALSE
	EndGlobalSection
EndGlobal
