
Microsoft Visual Studio Solution File, Format Version 10.00
# Visual Studio 2008
Project("{8BC9CEB8-8B4A-11D0-8D11-00A0C91BC942}") = "GroupListDemo", "GroupListDemo\GroupListDemo.vcproj", "{BBC35A44-32C4-495F-AB62-49071DC7843D}"
EndProject
Global
	GlobalSection(SolutionConfigurationPlatforms) = preSolution
		Debug|Win32 = Debug|Win32
		Release|Win32 = Release|Win32
	EndGlobalSection
	GlobalSection(ProjectConfigurationPlatforms) = postSolution
		{BBC35A44-32C4-495F-AB62-49071DC7843D}.Debug|Win32.ActiveCfg = Debug|Win32
		{BBC35A44-32C4-495F-AB62-49071DC7843D}.Debug|Win32.Build.0 = Debug|Win32
		{BBC35A44-32C4-495F-AB62-49071DC7843D}.Release|Win32.ActiveCfg = Release|Win32
		{BBC35A44-32C4-495F-AB62-49071DC7843D}.Release|Win32.Build.0 = Release|Win32
	EndGlobalSection
	GlobalSection(SolutionProperties) = preSolution
		HideSolutionNode = FALSE
	EndGlobalSection
EndGlobal
